
Microsoft Visual Studio Solution File, Format Version 12.00
# Visual Studio 2012
Project("{8BC9CEB8-8B4A-11D0-8D11-00A0C91BC942}") = "SimpleCLM_vs2012", "exe\SimpleCLM\SimpleCLM_vs2012.vcxproj", "{34032CF2-1B99-4A25-9050-E9C13DD4CD0A}"
EndProject
Project("{8BC9CEB8-8B4A-11D0-8D11-00A0C91BC942}") = "SimpleCLMImg_vs2012", "exe\SimpleCLMImg\SimpleCLMImg_vs2012.vcxproj", "{DDC3535E-526C-44EC-9DF4-739E2D3A323B}"
EndProject
Project("{8BC9CEB8-8B4A-11D0-8D11-00A0C91BC942}") = "Recording_vs2012", "exe\Recording\Recording_vs2012.vcxproj", "{2D80FA0B-2DE8-4475-BA5A-C08A9E1EDAAC}"
EndProject
Project("{2150E333-8FDC-42A3-9474-1A3956D46DE8}") = "Solution Items", "Solution Items", "{05BD3423-2A81-44E5-B599-C42D94E95B76}"
EndProject
Project("{8BC9CEB8-8B4A-11D0-8D11-00A0C91BC942}") = "MultiTrackCLM_vs2012", "exe\MultiTrackCLM\MultiTrackCLM_vs2012.vcxproj", "{C3FAF36F-44BC-4454-87C2-C5106575FE50}"
EndProject
Project("{8BC9CEB8-8B4A-11D0-8D11-00A0C91BC942}") = "CLM", "lib\local\CLM\CLM_vs2012.vcxproj", "{BDC1D107-DE17-4705-8E7B-CDDE8BFB2BF8}"
EndProject
Project("{8BC9CEB8-8B4A-11D0-8D11-00A0C91BC942}") = "GenerateTrainingData", "asc\GenerateTrainingData\GenerateTrainingData.vcxproj", "{FF858DF9-C0A5-48C7-BCC6-554E9488CC98}"
EndProject
Project("{2150E333-8FDC-42A3-9474-1A3956D46DE8}") = "ASC", "ASC", "{399B3EDA-8DF2-47B4-BEFD-2B17D1F4D1EF}"
EndProject
Project("{8BC9CEB8-8B4A-11D0-8D11-00A0C91BC942}") = "ManagedMindReaderLib", "lib\local\ManagedMindReaderLib\ManagedMindReaderLib.vcxproj", "{2EF0FA8D-74D3-44AF-B901-9AEC55F4CAF7}"
EndProject
Project("{8BC9CEB8-8B4A-11D0-8D11-00A0C91BC942}") = "OpenCVWrappers", "lib\local\OpenCVWrappers\OpenCVWrappers.vcxproj", "{DC02D40E-2926-459E-88BE-33D032E85706}"
EndProject
Project("{FAE04EC0-301F-11D3-BF4B-00C04F79EFBC}") = "MjpegServer", "lib\local\MjpegServer\MjpegServer.csproj", "{24AC7A6A-2335-476B-835F-6BDCC38115D4}"
EndProject
Project("{FAE04EC0-301F-11D3-BF4B-00C04F79EFBC}") = "CLMAV", "CLMAV\CLMAV.csproj", "{B09456AC-CFBE-4108-B946-E44CE7074606}"
EndProject
Project("{8BC9CEB8-8B4A-11D0-8D11-00A0C91BC942}") = "dlib", "lib\3rdParty\dlib\dlib.vcxproj", "{B47A5F12-2567-44E9-AE49-35763EC82149}"
EndProject
Global
	GlobalSection(SolutionConfigurationPlatforms) = preSolution
		Debug|Any CPU = Debug|Any CPU
		Debug|Mixed Platforms = Debug|Mixed Platforms
		Debug|Win32 = Debug|Win32
		Release|Any CPU = Release|Any CPU
		Release|Mixed Platforms = Release|Mixed Platforms
		Release|Win32 = Release|Win32
	EndGlobalSection
	GlobalSection(ProjectConfigurationPlatforms) = postSolution
		{34032CF2-1B99-4A25-9050-E9C13DD4CD0A}.Debug|Any CPU.ActiveCfg = Debug|Win32
		{34032CF2-1B99-4A25-9050-E9C13DD4CD0A}.Debug|Mixed Platforms.ActiveCfg = Debug|Win32
		{34032CF2-1B99-4A25-9050-E9C13DD4CD0A}.Debug|Mixed Platforms.Build.0 = Debug|Win32
		{34032CF2-1B99-4A25-9050-E9C13DD4CD0A}.Debug|Win32.ActiveCfg = Debug|Win32
		{34032CF2-1B99-4A25-9050-E9C13DD4CD0A}.Debug|Win32.Build.0 = Debug|Win32
		{34032CF2-1B99-4A25-9050-E9C13DD4CD0A}.Release|Any CPU.ActiveCfg = Release|Win32
		{34032CF2-1B99-4A25-9050-E9C13DD4CD0A}.Release|Mixed Platforms.ActiveCfg = Release|Win32
		{34032CF2-1B99-4A25-9050-E9C13DD4CD0A}.Release|Mixed Platforms.Build.0 = Release|Win32
		{34032CF2-1B99-4A25-9050-E9C13DD4CD0A}.Release|Win32.ActiveCfg = Release|Win32
		{34032CF2-1B99-4A25-9050-E9C13DD4CD0A}.Release|Win32.Build.0 = Release|Win32
		{DDC3535E-526C-44EC-9DF4-739E2D3A323B}.Debug|Any CPU.ActiveCfg = Debug|Win32
		{DDC3535E-526C-44EC-9DF4-739E2D3A323B}.Debug|Mixed Platforms.ActiveCfg = Debug|Win32
		{DDC3535E-526C-44EC-9DF4-739E2D3A323B}.Debug|Mixed Platforms.Build.0 = Debug|Win32
		{DDC3535E-526C-44EC-9DF4-739E2D3A323B}.Debug|Win32.ActiveCfg = Debug|Win32
		{DDC3535E-526C-44EC-9DF4-739E2D3A323B}.Debug|Win32.Build.0 = Debug|Win32
		{DDC3535E-526C-44EC-9DF4-739E2D3A323B}.Release|Any CPU.ActiveCfg = Release|Win32
		{DDC3535E-526C-44EC-9DF4-739E2D3A323B}.Release|Mixed Platforms.ActiveCfg = Release|Win32
		{DDC3535E-526C-44EC-9DF4-739E2D3A323B}.Release|Mixed Platforms.Build.0 = Release|Win32
		{DDC3535E-526C-44EC-9DF4-739E2D3A323B}.Release|Win32.ActiveCfg = Release|Win32
		{DDC3535E-526C-44EC-9DF4-739E2D3A323B}.Release|Win32.Build.0 = Release|Win32
		{2D80FA0B-2DE8-4475-BA5A-C08A9E1EDAAC}.Debug|Any CPU.ActiveCfg = Debug|Win32
		{2D80FA0B-2DE8-4475-BA5A-C08A9E1EDAAC}.Debug|Mixed Platforms.ActiveCfg = Debug|Win32
		{2D80FA0B-2DE8-4475-BA5A-C08A9E1EDAAC}.Debug|Mixed Platforms.Build.0 = Debug|Win32
		{2D80FA0B-2DE8-4475-BA5A-C08A9E1EDAAC}.Debug|Win32.ActiveCfg = Debug|Win32
		{2D80FA0B-2DE8-4475-BA5A-C08A9E1EDAAC}.Debug|Win32.Build.0 = Debug|Win32
		{2D80FA0B-2DE8-4475-BA5A-C08A9E1EDAAC}.Release|Any CPU.ActiveCfg = Release|Win32
		{2D80FA0B-2DE8-4475-BA5A-C08A9E1EDAAC}.Release|Mixed Platforms.ActiveCfg = Release|Win32
		{2D80FA0B-2DE8-4475-BA5A-C08A9E1EDAAC}.Release|Mixed Platforms.Build.0 = Release|Win32
		{2D80FA0B-2DE8-4475-BA5A-C08A9E1EDAAC}.Release|Win32.ActiveCfg = Release|Win32
		{2D80FA0B-2DE8-4475-BA5A-C08A9E1EDAAC}.Release|Win32.Build.0 = Release|Win32
		{C3FAF36F-44BC-4454-87C2-C5106575FE50}.Debug|Any CPU.ActiveCfg = Debug|Win32
		{C3FAF36F-44BC-4454-87C2-C5106575FE50}.Debug|Mixed Platforms.ActiveCfg = Debug|Win32
		{C3FAF36F-44BC-4454-87C2-C5106575FE50}.Debug|Mixed Platforms.Build.0 = Debug|Win32
		{C3FAF36F-44BC-4454-87C2-C5106575FE50}.Debug|Win32.ActiveCfg = Debug|Win32
		{C3FAF36F-44BC-4454-87C2-C5106575FE50}.Debug|Win32.Build.0 = Debug|Win32
		{C3FAF36F-44BC-4454-87C2-C5106575FE50}.Release|Any CPU.ActiveCfg = Release|Win32
		{C3FAF36F-44BC-4454-87C2-C5106575FE50}.Release|Mixed Platforms.ActiveCfg = Release|Win32
		{C3FAF36F-44BC-4454-87C2-C5106575FE50}.Release|Mixed Platforms.Build.0 = Release|Win32
		{C3FAF36F-44BC-4454-87C2-C5106575FE50}.Release|Win32.ActiveCfg = Release|Win32
		{C3FAF36F-44BC-4454-87C2-C5106575FE50}.Release|Win32.Build.0 = Release|Win32
		{BDC1D107-DE17-4705-8E7B-CDDE8BFB2BF8}.Debug|Any CPU.ActiveCfg = Debug|Win32
		{BDC1D107-DE17-4705-8E7B-CDDE8BFB2BF8}.Debug|Mixed Platforms.ActiveCfg = Debug|Win32
		{BDC1D107-DE17-4705-8E7B-CDDE8BFB2BF8}.Debug|Mixed Platforms.Build.0 = Debug|Win32
		{BDC1D107-DE17-4705-8E7B-CDDE8BFB2BF8}.Debug|Win32.ActiveCfg = Debug|Win32
		{BDC1D107-DE17-4705-8E7B-CDDE8BFB2BF8}.Debug|Win32.Build.0 = Debug|Win32
		{BDC1D107-DE17-4705-8E7B-CDDE8BFB2BF8}.Release|Any CPU.ActiveCfg = Release|Win32
		{BDC1D107-DE17-4705-8E7B-CDDE8BFB2BF8}.Release|Mixed Platforms.ActiveCfg = Release|Win32
		{BDC1D107-DE17-4705-8E7B-CDDE8BFB2BF8}.Release|Mixed Platforms.Build.0 = Release|Win32
		{BDC1D107-DE17-4705-8E7B-CDDE8BFB2BF8}.Release|Win32.ActiveCfg = Release|Win32
		{BDC1D107-DE17-4705-8E7B-CDDE8BFB2BF8}.Release|Win32.Build.0 = Release|Win32
		{FF858DF9-C0A5-48C7-BCC6-554E9488CC98}.Debug|Any CPU.ActiveCfg = Debug|Win32
		{FF858DF9-C0A5-48C7-BCC6-554E9488CC98}.Debug|Mixed Platforms.ActiveCfg = Debug|Win32
		{FF858DF9-C0A5-48C7-BCC6-554E9488CC98}.Debug|Mixed Platforms.Build.0 = Debug|Win32
		{FF858DF9-C0A5-48C7-BCC6-554E9488CC98}.Debug|Win32.ActiveCfg = Debug|Win32
		{FF858DF9-C0A5-48C7-BCC6-554E9488CC98}.Debug|Win32.Build.0 = Debug|Win32
		{FF858DF9-C0A5-48C7-BCC6-554E9488CC98}.Release|Any CPU.ActiveCfg = Release|Win32
		{FF858DF9-C0A5-48C7-BCC6-554E9488CC98}.Release|Mixed Platforms.ActiveCfg = Release|Win32
		{FF858DF9-C0A5-48C7-BCC6-554E9488CC98}.Release|Mixed Platforms.Build.0 = Release|Win32
		{FF858DF9-C0A5-48C7-BCC6-554E9488CC98}.Release|Win32.ActiveCfg = Release|Win32
		{FF858DF9-C0A5-48C7-BCC6-554E9488CC98}.Release|Win32.Build.0 = Release|Win32
		{2EF0FA8D-74D3-44AF-B901-9AEC55F4CAF7}.Debug|Any CPU.ActiveCfg = Debug|Win32
		{2EF0FA8D-74D3-44AF-B901-9AEC55F4CAF7}.Debug|Mixed Platforms.ActiveCfg = Debug|Win32
		{2EF0FA8D-74D3-44AF-B901-9AEC55F4CAF7}.Debug|Mixed Platforms.Build.0 = Debug|Win32
		{2EF0FA8D-74D3-44AF-B901-9AEC55F4CAF7}.Debug|Win32.ActiveCfg = Debug|Win32
		{2EF0FA8D-74D3-44AF-B901-9AEC55F4CAF7}.Debug|Win32.Build.0 = Debug|Win32
		{2EF0FA8D-74D3-44AF-B901-9AEC55F4CAF7}.Release|Any CPU.ActiveCfg = Release|Win32
		{2EF0FA8D-74D3-44AF-B901-9AEC55F4CAF7}.Release|Mixed Platforms.ActiveCfg = Release|Win32
		{2EF0FA8D-74D3-44AF-B901-9AEC55F4CAF7}.Release|Mixed Platforms.Build.0 = Release|Win32
		{2EF0FA8D-74D3-44AF-B901-9AEC55F4CAF7}.Release|Win32.ActiveCfg = Release|Win32
		{2EF0FA8D-74D3-44AF-B901-9AEC55F4CAF7}.Release|Win32.Build.0 = Release|Win32
		{DC02D40E-2926-459E-88BE-33D032E85706}.Debug|Any CPU.ActiveCfg = Debug|Win32
		{DC02D40E-2926-459E-88BE-33D032E85706}.Debug|Mixed Platforms.ActiveCfg = Debug|Win32
		{DC02D40E-2926-459E-88BE-33D032E85706}.Debug|Mixed Platforms.Build.0 = Debug|Win32
		{DC02D40E-2926-459E-88BE-33D032E85706}.Debug|Win32.ActiveCfg = Debug|Win32
		{DC02D40E-2926-459E-88BE-33D032E85706}.Debug|Win32.Build.0 = Debug|Win32
		{DC02D40E-2926-459E-88BE-33D032E85706}.Release|Any CPU.ActiveCfg = Release|Win32
		{DC02D40E-2926-459E-88BE-33D032E85706}.Release|Mixed Platforms.ActiveCfg = Release|Win32
		{DC02D40E-2926-459E-88BE-33D032E85706}.Release|Mixed Platforms.Build.0 = Release|Win32
		{DC02D40E-2926-459E-88BE-33D032E85706}.Release|Win32.ActiveCfg = Release|Win32
		{DC02D40E-2926-459E-88BE-33D032E85706}.Release|Win32.Build.0 = Release|Win32
		{24AC7A6A-2335-476B-835F-6BDCC38115D4}.Debug|Any CPU.ActiveCfg = Debug|Any CPU
		{24AC7A6A-2335-476B-835F-6BDCC38115D4}.Debug|Any CPU.Build.0 = Debug|Any CPU
		{24AC7A6A-2335-476B-835F-6BDCC38115D4}.Debug|Mixed Platforms.ActiveCfg = Debug|Any CPU
		{24AC7A6A-2335-476B-835F-6BDCC38115D4}.Debug|Mixed Platforms.Build.0 = Debug|Any CPU
		{24AC7A6A-2335-476B-835F-6BDCC38115D4}.Debug|Win32.ActiveCfg = Debug|Any CPU
		{24AC7A6A-2335-476B-835F-6BDCC38115D4}.Release|Any CPU.ActiveCfg = Release|Any CPU
		{24AC7A6A-2335-476B-835F-6BDCC38115D4}.Release|Any CPU.Build.0 = Release|Any CPU
		{24AC7A6A-2335-476B-835F-6BDCC38115D4}.Release|Mixed Platforms.ActiveCfg = Release|Any CPU
		{24AC7A6A-2335-476B-835F-6BDCC38115D4}.Release|Mixed Platforms.Build.0 = Release|Any CPU
		{24AC7A6A-2335-476B-835F-6BDCC38115D4}.Release|Win32.ActiveCfg = Release|Any CPU
		{B09456AC-CFBE-4108-B946-E44CE7074606}.Debug|Any CPU.ActiveCfg = Debug|Any CPU
		{B09456AC-CFBE-4108-B946-E44CE7074606}.Debug|Any CPU.Build.0 = Debug|Any CPU
		{B09456AC-CFBE-4108-B946-E44CE7074606}.Debug|Mixed Platforms.ActiveCfg = Debug|Any CPU
		{B09456AC-CFBE-4108-B946-E44CE7074606}.Debug|Mixed Platforms.Build.0 = Debug|Any CPU
		{B09456AC-CFBE-4108-B946-E44CE7074606}.Debug|Win32.ActiveCfg = Debug|Any CPU
		{B09456AC-CFBE-4108-B946-E44CE7074606}.Release|Any CPU.ActiveCfg = Release|Any CPU
		{B09456AC-CFBE-4108-B946-E44CE7074606}.Release|Any CPU.Build.0 = Release|Any CPU
		{B09456AC-CFBE-4108-B946-E44CE7074606}.Release|Mixed Platforms.ActiveCfg = Release|Any CPU
		{B09456AC-CFBE-4108-B946-E44CE7074606}.Release|Mixed Platforms.Build.0 = Release|Any CPU
		{B09456AC-CFBE-4108-B946-E44CE7074606}.Release|Win32.ActiveCfg = Release|Any CPU
		{B09456AC-CFBE-4108-B946-E44CE7074606}.Release|Win32.Build.0 = Release|Any CPU
		{B47A5F12-2567-44E9-AE49-35763EC82149}.Debug|Any CPU.ActiveCfg = Debug|Win32
		{B47A5F12-2567-44E9-AE49-35763EC82149}.Debug|Mixed Platforms.ActiveCfg = Debug|Win32
		{B47A5F12-2567-44E9-AE49-35763EC82149}.Debug|Mixed Platforms.Build.0 = Debug|Win32
		{B47A5F12-2567-44E9-AE49-35763EC82149}.Debug|Win32.ActiveCfg = Debug|Win32
		{B47A5F12-2567-44E9-AE49-35763EC82149}.Debug|Win32.Build.0 = Debug|Win32
		{B47A5F12-2567-44E9-AE49-35763EC82149}.Release|Any CPU.ActiveCfg = Release|Win32
		{B47A5F12-2567-44E9-AE49-35763EC82149}.Release|Mixed Platforms.ActiveCfg = Release|Win32
		{B47A5F12-2567-44E9-AE49-35763EC82149}.Release|Mixed Platforms.Build.0 = Release|Win32
		{B47A5F12-2567-44E9-AE49-35763EC82149}.Release|Win32.ActiveCfg = Release|Win32
		{B47A5F12-2567-44E9-AE49-35763EC82149}.Release|Win32.Build.0 = Release|Win32
	EndGlobalSection
	GlobalSection(SolutionProperties) = preSolution
		HideSolutionNode = FALSE
	EndGlobalSection
	GlobalSection(NestedProjects) = preSolution
		{FF858DF9-C0A5-48C7-BCC6-554E9488CC98} = {399B3EDA-8DF2-47B4-BEFD-2B17D1F4D1EF}
		{2EF0FA8D-74D3-44AF-B901-9AEC55F4CAF7} = {399B3EDA-8DF2-47B4-BEFD-2B17D1F4D1EF}
		{DC02D40E-2926-459E-88BE-33D032E85706} = {399B3EDA-8DF2-47B4-BEFD-2B17D1F4D1EF}
		{24AC7A6A-2335-476B-835F-6BDCC38115D4} = {399B3EDA-8DF2-47B4-BEFD-2B17D1F4D1EF}
		{B09456AC-CFBE-4108-B946-E44CE7074606} = {399B3EDA-8DF2-47B4-BEFD-2B17D1F4D1EF}
	EndGlobalSection
EndGlobal
